
Microsoft Visual Studio Solution File, Format Version 12.00
# Visual Studio 15
VisualStudioVersion = 15.0.26730.12
MinimumVisualStudioVersion = 10.0.40219.1
Project("{FAE04EC0-301F-11D3-BF4B-00C04F79EFBC}") = "Pliant.Workbench", "tools\Pliant.Workbench\Pliant.Workbench.csproj", "{0579D00D-6F66-4F3E-9A62-8440521A18DC}"
EndProject
Project("{2150E333-8FDC-42A3-9474-1A3956D46DE8}") = "libs", "libs", "{6C853E33-E9CF-493F-822F-33DD29BBF0A2}"
EndProject
Project("{9A19103F-16F7-4668-BE54-9A1E7A4F7556}") = "Pliant", "libraries\Pliant\Pliant.csproj", "{F0FE097D-C083-42D9-B6CF-89412D4720AB}"
EndProject
Project("{FAE04EC0-301F-11D3-BF4B-00C04F79EFBC}") = "ICSharpCode.TreeView", "..\ICSharpCode.TreeView\ICSharpCode.TreeView.csproj", "{DDE2A481-8271-4EAC-A330-8FA6A38D13D1}"
EndProject
Project("{FAE04EC0-301F-11D3-BF4B-00C04F79EFBC}") = "RapidFx", "..\RapidFx\RapidFx.csproj", "{AB4D7428-44ED-4A31-977D-C2904D255E48}"
EndProject
Project("{FAE04EC0-301F-11D3-BF4B-00C04F79EFBC}") = "RapidCSS", "..\RapidCSS\RapidCSS.csproj", "{3C32BB28-9238-4653-8CC1-4726F1F717AB}"
EndProject
Global
	GlobalSection(SolutionConfigurationPlatforms) = preSolution
		Debug|Any CPU = Debug|Any CPU
		Debug|ARM = Debug|ARM
		Debug|x64 = Debug|x64
		Debug|x86 = Debug|x86
		Release|Any CPU = Release|Any CPU
		Release|ARM = Release|ARM
		Release|x64 = Release|x64
		Release|x86 = Release|x86
	EndGlobalSection
	GlobalSection(ProjectConfigurationPlatforms) = postSolution
		{0579D00D-6F66-4F3E-9A62-8440521A18DC}.Debug|Any CPU.ActiveCfg = Debug|Any CPU
		{0579D00D-6F66-4F3E-9A62-8440521A18DC}.Debug|Any CPU.Build.0 = Debug|Any CPU
		{0579D00D-6F66-4F3E-9A62-8440521A18DC}.Debug|ARM.ActiveCfg = Debug|Any CPU
		{0579D00D-6F66-4F3E-9A62-8440521A18DC}.Debug|ARM.Build.0 = Debug|Any CPU
		{0579D00D-6F66-4F3E-9A62-8440521A18DC}.Debug|x64.ActiveCfg = Debug|Any CPU
		{0579D00D-6F66-4F3E-9A62-8440521A18DC}.Debug|x64.Build.0 = Debug|Any CPU
		{0579D00D-6F66-4F3E-9A62-8440521A18DC}.Debug|x86.ActiveCfg = Debug|Any CPU
		{0579D00D-6F66-4F3E-9A62-8440521A18DC}.Debug|x86.Build.0 = Debug|Any CPU
		{0579D00D-6F66-4F3E-9A62-8440521A18DC}.Release|Any CPU.ActiveCfg = Release|Any CPU
		{0579D00D-6F66-4F3E-9A62-8440521A18DC}.Release|Any CPU.Build.0 = Release|Any CPU
		{0579D00D-6F66-4F3E-9A62-8440521A18DC}.Release|ARM.ActiveCfg = Release|Any CPU
		{0579D00D-6F66-4F3E-9A62-8440521A18DC}.Release|ARM.Build.0 = Release|Any CPU
		{0579D00D-6F66-4F3E-9A62-8440521A18DC}.Release|x64.ActiveCfg = Release|Any CPU
		{0579D00D-6F66-4F3E-9A62-8440521A18DC}.Release|x64.Build.0 = Release|Any CPU
		{0579D00D-6F66-4F3E-9A62-8440521A18DC}.Release|x86.ActiveCfg = Release|Any CPU
		{0579D00D-6F66-4F3E-9A62-8440521A18DC}.Release|x86.Build.0 = Release|Any CPU
		{F0FE097D-C083-42D9-B6CF-89412D4720AB}.Debug|Any CPU.ActiveCfg = Debug|Any CPU
		{F0FE097D-C083-42D9-B6CF-89412D4720AB}.Debug|Any CPU.Build.0 = Debug|Any CPU
		{F0FE097D-C083-42D9-B6CF-89412D4720AB}.Debug|ARM.ActiveCfg = Debug|Any CPU
		{F0FE097D-C083-42D9-B6CF-89412D4720AB}.Debug|ARM.Build.0 = Debug|Any CPU
		{F0FE097D-C083-42D9-B6CF-89412D4720AB}.Debug|x64.ActiveCfg = Debug|Any CPU
		{F0FE097D-C083-42D9-B6CF-89412D4720AB}.Debug|x64.Build.0 = Debug|Any CPU
		{F0FE097D-C083-42D9-B6CF-89412D4720AB}.Debug|x86.ActiveCfg = Debug|Any CPU
		{F0FE097D-C083-42D9-B6CF-89412D4720AB}.Debug|x86.Build.0 = Debug|Any CPU
		{F0FE097D-C083-42D9-B6CF-89412D4720AB}.Release|Any CPU.ActiveCfg = Release|Any CPU
		{F0FE097D-C083-42D9-B6CF-89412D4720AB}.Release|Any CPU.Build.0 = Release|Any CPU
		{F0FE097D-C083-42D9-B6CF-89412D4720AB}.Release|ARM.ActiveCfg = Release|Any CPU
		{F0FE097D-C083-42D9-B6CF-89412D4720AB}.Release|ARM.Build.0 = Release|Any CPU
		{F0FE097D-C083-42D9-B6CF-89412D4720AB}.Release|x64.ActiveCfg = Release|Any CPU
		{F0FE097D-C083-42D9-B6CF-89412D4720AB}.Release|x64.Build.0 = Release|Any CPU
		{F0FE097D-C083-42D9-B6CF-89412D4720AB}.Release|x86.ActiveCfg = Release|Any CPU
		{F0FE097D-C083-42D9-B6CF-89412D4720AB}.Release|x86.Build.0 = Release|Any CPU
		{DDE2A481-8271-4EAC-A330-8FA6A38D13D1}.Debug|Any CPU.ActiveCfg = Debug|Any CPU
		{DDE2A481-8271-4EAC-A330-8FA6A38D13D1}.Debug|Any CPU.Build.0 = Debug|Any CPU
		{DDE2A481-8271-4EAC-A330-8FA6A38D13D1}.Debug|ARM.ActiveCfg = Debug|Any CPU
		{DDE2A481-8271-4EAC-A330-8FA6A38D13D1}.Debug|ARM.Build.0 = Debug|Any CPU
		{DDE2A481-8271-4EAC-A330-8FA6A38D13D1}.Debug|x64.ActiveCfg = Debug|Any CPU
		{DDE2A481-8271-4EAC-A330-8FA6A38D13D1}.Debug|x64.Build.0 = Debug|Any CPU
		{DDE2A481-8271-4EAC-A330-8FA6A38D13D1}.Debug|x86.ActiveCfg = Debug|Any CPU
		{DDE2A481-8271-4EAC-A330-8FA6A38D13D1}.Debug|x86.Build.0 = Debug|Any CPU
		{DDE2A481-8271-4EAC-A330-8FA6A38D13D1}.Release|Any CPU.ActiveCfg = Release|Any CPU
		{DDE2A481-8271-4EAC-A330-8FA6A38D13D1}.Release|Any CPU.Build.0 = Release|Any CPU
		{DDE2A481-8271-4EAC-A330-8FA6A38D13D1}.Release|ARM.ActiveCfg = Release|Any CPU
		{DDE2A481-8271-4EAC-A330-8FA6A38D13D1}.Release|ARM.Build.0 = Release|Any CPU
		{DDE2A481-8271-4EAC-A330-8FA6A38D13D1}.Release|x64.ActiveCfg = Release|Any CPU
		{DDE2A481-8271-4EAC-A330-8FA6A38D13D1}.Release|x64.Build.0 = Release|Any CPU
		{DDE2A481-8271-4EAC-A330-8FA6A38D13D1}.Release|x86.ActiveCfg = Release|Any CPU
		{DDE2A481-8271-4EAC-A330-8FA6A38D13D1}.Release|x86.Build.0 = Release|Any CPU
		{AB4D7428-44ED-4A31-977D-C2904D255E48}.Debug|Any CPU.ActiveCfg = Debug|Any CPU
		{AB4D7428-44ED-4A31-977D-C2904D255E48}.Debug|Any CPU.Build.0 = Debug|Any CPU
		{AB4D7428-44ED-4A31-977D-C2904D255E48}.Debug|ARM.ActiveCfg = Debug|Any CPU
		{AB4D7428-44ED-4A31-977D-C2904D255E48}.Debug|ARM.Build.0 = Debug|Any CPU
		{AB4D7428-44ED-4A31-977D-C2904D255E48}.Debug|x64.ActiveCfg = Debug|Any CPU
		{AB4D7428-44ED-4A31-977D-C2904D255E48}.Debug|x64.Build.0 = Debug|Any CPU
		{AB4D7428-44ED-4A31-977D-C2904D255E48}.Debug|x86.ActiveCfg = Debug|Any CPU
		{AB4D7428-44ED-4A31-977D-C2904D255E48}.Debug|x86.Build.0 = Debug|Any CPU
		{AB4D7428-44ED-4A31-977D-C2904D255E48}.Release|Any CPU.ActiveCfg = Release|Any CPU
		{AB4D7428-44ED-4A31-977D-C2904D255E48}.Release|Any CPU.Build.0 = Release|Any CPU
		{AB4D7428-44ED-4A31-977D-C2904D255E48}.Release|ARM.ActiveCfg = Release|Any CPU
		{AB4D7428-44ED-4A31-977D-C2904D255E48}.Release|ARM.Build.0 = Release|Any CPU
		{AB4D7428-44ED-4A31-977D-C2904D255E48}.Release|x64.ActiveCfg = Release|Any CPU
		{AB4D7428-44ED-4A31-977D-C2904D255E48}.Release|x64.Build.0 = Release|Any CPU
		{AB4D7428-44ED-4A31-977D-C2904D255E48}.Release|x86.ActiveCfg = Release|Any CPU
		{AB4D7428-44ED-4A31-977D-C2904D255E48}.Release|x86.Build.0 = Release|Any CPU
		{3C32BB28-9238-4653-8CC1-4726F1F717AB}.Debug|Any CPU.ActiveCfg = Debug|Any CPU
		{3C32BB28-9238-4653-8CC1-4726F1F717AB}.Debug|Any CPU.Build.0 = Debug|Any CPU
		{3C32BB28-9238-4653-8CC1-4726F1F717AB}.Debug|ARM.ActiveCfg = Debug|Any CPU
		{3C32BB28-9238-4653-8CC1-4726F1F717AB}.Debug|ARM.Build.0 = Debug|Any CPU
		{3C32BB28-9238-4653-8CC1-4726F1F717AB}.Debug|x64.ActiveCfg = Debug|Any CPU
		{3C32BB28-9238-4653-8CC1-4726F1F717AB}.Debug|x64.Build.0 = Debug|Any CPU
		{3C32BB28-9238-4653-8CC1-4726F1F717AB}.Debug|x86.ActiveCfg = Debug|Any CPU
		{3C32BB28-9238-4653-8CC1-4726F1F717AB}.Debug|x86.Build.0 = Debug|Any CPU
		{3C32BB28-9238-4653-8CC1-4726F1F717AB}.Release|Any CPU.ActiveCfg = Release|Any CPU
		{3C32BB28-9238-4653-8CC1-4726F1F717AB}.Release|Any CPU.Build.0 = Release|Any CPU
		{3C32BB28-9238-4653-8CC1-4726F1F717AB}.Release|ARM.ActiveCfg = Release|Any CPU
		{3C32BB28-9238-4653-8CC1-4726F1F717AB}.Release|ARM.Build.0 = Release|Any CPU
		{3C32BB28-9238-4653-8CC1-4726F1F717AB}.Release|x64.ActiveCfg = Release|Any CPU
		{3C32BB28-9238-4653-8CC1-4726F1F717AB}.Release|x64.Build.0 = Release|Any CPU
		{3C32BB28-9238-4653-8CC1-4726F1F717AB}.Release|x86.ActiveCfg = Release|Any CPU
		{3C32BB28-9238-4653-8CC1-4726F1F717AB}.Release|x86.Build.0 = Release|Any CPU
	EndGlobalSection
	GlobalSection(SolutionProperties) = preSolution
		HideSolutionNode = FALSE
	EndGlobalSection
	GlobalSection(NestedProjects) = preSolution
		{F0FE097D-C083-42D9-B6CF-89412D4720AB} = {6C853E33-E9CF-493F-822F-33DD29BBF0A2}
		{DDE2A481-8271-4EAC-A330-8FA6A38D13D1} = {6C853E33-E9CF-493F-822F-33DD29BBF0A2}
		{AB4D7428-44ED-4A31-977D-C2904D255E48} = {6C853E33-E9CF-493F-822F-33DD29BBF0A2}
		{3C32BB28-9238-4653-8CC1-4726F1F717AB} = {6C853E33-E9CF-493F-822F-33DD29BBF0A2}
	EndGlobalSection
	GlobalSection(ExtensibilityGlobals) = postSolution
		SolutionGuid = {48D5E91E-C798-4365-A057-BBD90A0199C5}
	EndGlobalSection
EndGlobal
